1
Microsoft Visual Studio Solution File, Format Version 12.00
# Visual Studio Version 17
VisualStudioVersion = 17.0.31903.59
MinimumVisualStudioVersion = 10.0.40219.1
Project("{FAE04EC0-301F-11D3-BF4B-00C04F79EFBC}") = "CodeCup", "CodeCup\CodeCup.csproj", "{7C973F8E-4C13-4AD5-A6A2-5C2FBBA8D7C1}"
EndProject
Project("{FAE04EC0-301F-11D3-BF4B-00C04F79EFBC}") = "DAL", "DAL\DAL.csproj", "{7F80EC43-33AC-4F8F-A6B8-9833E1D79719}"
EndProject
Project("{FAE04EC0-301F-11D3-BF4B-00C04F79EFBC}") = "Domain", "Domain\Domain.csproj", "{DF5ED8BC-6B01-45D0-ABEF-09499DC68BD1}"
EndProject
Project("{FAE04EC0-301F-11D3-BF4B-00C04F79EFBC}") = "Service", "Service\Service.csproj", "{74115984-3D4F-48E8-B8A2-26D2109B6031}"
EndProject
Global
	GlobalSection(SolutionConfigurationPlatforms) = preSolution
		Debug|Any CPU = Debug|Any CPU
		Release|Any CPU = Release|Any CPU
	EndGlobalSection
	GlobalSection(SolutionProperties) = preSolution
		HideSolutionNode = FALSE
	EndGlobalSection
	GlobalSection(ProjectConfigurationPlatforms) = postSolution
		{7C973F8E-4C13-4AD5-A6A2-5C2FBBA8D7C1}.Debug|Any CPU.ActiveCfg = Debug|Any CPU
		{7C973F8E-4C13-4AD5-A6A2-5C2FBBA8D7C1}.Debug|Any CPU.Build.0 = Debug|Any CPU
		{7C973F8E-4C13-4AD5-A6A2-5C2FBBA8D7C1}.Release|Any CPU.ActiveCfg = Release|Any CPU
		{7C973F8E-4C13-4AD5-A6A2-5C2FBBA8D7C1}.Release|Any CPU.Build.0 = Release|Any CPU
		{7F80EC43-33AC-4F8F-A6B8-9833E1D79719}.Debug|Any CPU.ActiveCfg = Debug|Any CPU
		{7F80EC43-33AC-4F8F-A6B8-9833E1D79719}.Debug|Any CPU.Build.0 = Debug|Any CPU
		{7F80EC43-33AC-4F8F-A6B8-9833E1D79719}.Release|Any CPU.ActiveCfg = Release|Any CPU
		{7F80EC43-33AC-4F8F-A6B8-9833E1D79719}.Release|Any CPU.Build.0 = Release|Any CPU
		{DF5ED8BC-6B01-45D0-ABEF-09499DC68BD1}.Debug|Any CPU.ActiveCfg = Debug|Any CPU
		{DF5ED8BC-6B01-45D0-ABEF-09499DC68BD1}.Debug|Any CPU.Build.0 = Debug|Any CPU
		{DF5ED8BC-6B01-45D0-ABEF-09499DC68BD1}.Release|Any CPU.ActiveCfg = Release|Any CPU
		{DF5ED8BC-6B01-45D0-ABEF-09499DC68BD1}.Release|Any CPU.Build.0 = Release|Any CPU
		{74115984-3D4F-48E8-B8A2-26D2109B6031}.Debug|Any CPU.ActiveCfg = Debug|Any CPU
		{74115984-3D4F-48E8-B8A2-26D2109B6031}.Debug|Any CPU.Build.0 = Debug|Any CPU
		{74115984-3D4F-48E8-B8A2-26D2109B6031}.Release|Any CPU.ActiveCfg = Release|Any CPU
		{74115984-3D4F-48E8-B8A2-26D2109B6031}.Release|Any CPU.Build.0 = Release|Any CPU
	EndGlobalSection
EndGlobal
