
Microsoft Visual Studio Solution File, Format Version 12.00
# Visual Studio Version 17
VisualStudioVersion = 17.5.002.0
MinimumVisualStudioVersion = 10.0.40219.1
Project("{9A19103F-16F7-4668-BE54-9A1E7A4F7556}") = "CodeCup", "CodeCup.csproj", "{750FE22E-A1D9-4738-8D2E-2085772D8F55}"
EndProject
Global
	GlobalSection(SolutionConfigurationPlatforms) = preSolution
		Debug|Any CPU = Debug|Any CPU
		Release|Any CPU = Release|Any CPU
	EndGlobalSection
	GlobalSection(ProjectConfigurationPlatforms) = postSolution
		{750FE22E-A1D9-4738-8D2E-2085772D8F55}.Debug|Any CPU.ActiveCfg = Debug|Any CPU
		{750FE22E-A1D9-4738-8D2E-2085772D8F55}.Debug|Any CPU.Build.0 = Debug|Any CPU
		{750FE22E-A1D9-4738-8D2E-2085772D8F55}.Release|Any CPU.ActiveCfg = Release|Any CPU
		{750FE22E-A1D9-4738-8D2E-2085772D8F55}.Release|Any CPU.Build.0 = Release|Any CPU
	EndGlobalSection
	GlobalSection(SolutionProperties) = preSolution
		HideSolutionNode = FALSE
	EndGlobalSection
	GlobalSection(ExtensibilityGlobals) = postSolution
		SolutionGuid = {11E26DB8-20DD-4003-94BF-9E383CA74DB4}
	EndGlobalSection
EndGlobal
